
Microsoft Visual Studio Solution File, Format Version 12.00
# Visual Studio Version 17
VisualStudioVersion = 17.11.35222.181
MinimumVisualStudioVersion = 10.0.40219.1
Project("{FAE04EC0-301F-11D3-BF4B-00C04F79EFBC}") = "todolist_API", "todolist_API\todolist_API.csproj", "{88976373-BDC5-43BF-9768-E63523654C69}"
EndProject
Global
	GlobalSection(SolutionConfigurationPlatforms) = preSolution
		Debug|Any CPU = Debug|Any CPU
		Release|Any CPU = Release|Any CPU
	EndGlobalSection
	GlobalSection(ProjectConfigurationPlatforms) = postSolution
		{88976373-BDC5-43BF-9768-E63523654C69}.Debug|Any CPU.ActiveCfg = Debug|Any CPU
		{88976373-BDC5-43BF-9768-E63523654C69}.Debug|Any CPU.Build.0 = Debug|Any CPU
		{88976373-BDC5-43BF-9768-E63523654C69}.Release|Any CPU.ActiveCfg = Release|Any CPU
		{88976373-BDC5-43BF-9768-E63523654C69}.Release|Any CPU.Build.0 = Release|Any CPU
	EndGlobalSection
	GlobalSection(SolutionProperties) = preSolution
		HideSolutionNode = FALSE
	EndGlobalSection
	GlobalSection(ExtensibilityGlobals) = postSolution
		SolutionGuid = {510D560A-8305-4F10-9D42-37D62151E2B9}
	EndGlobalSection
EndGlobal
